// !$*UTF8*$!
{
	archiveVersion = 1;
	classes = {
	};
	objectVersion = 50;
	objects = {

/* Begin PBXBuildFile section */
		8B725EBE238BCF0D00ADC260 /* Mango.m in Sources */ = {isa = PBXBuildFile; fileRef = 8B725EBD238BCF0D00ADC260 /* Mango.m */; };
		8B725EC1238BD24900ADC260 /* BirdPlant.m in Sources */ = {isa = PBXBuildFile; fileRef = 8B725EC0238BD24900ADC260 /* BirdPlant.m */; };
		8BB048DF23911202007C2C3F /* Client.m in Sources */ = {isa = PBXBuildFile; fileRef = 8BB048DE23911202007C2C3F /* Client.m */; };
		8BB048E223911277007C2C3F /* CPU.m in Sources */ = {isa = PBXBuildFile; fileRef = 8BB048E123911277007C2C3F /* CPU.m */; };
		8BB048E523911285007C2C3F /* InterCpu.m in Sources */ = {isa = PBXBuildFile; fileRef = 8BB048E423911285007C2C3F /* InterCpu.m */; };
		8BB048E8239112D6007C2C3F /* AppleCpu.m in Sources */ = {isa = PBXBuildFile; fileRef = 8BB048E7239112D5007C2C3F /* AppleCpu.m */; };
		8BB048EB239112F1007C2C3F /* AMDCpu.m in Sources */ = {isa = PBXBuildFile; fileRef = 8BB048EA239112F1007C2C3F /* AMDCpu.m */; };
		8BB048EE23911DAB007C2C3F /* SimpleFactory.m in Sources */ = {isa = PBXBuildFile; fileRef = 8BB048ED23911DAB007C2C3F /* SimpleFactory.m */; };
		8BD5029123975023008603EA /* Factory.m in Sources */ = {isa = PBXBuildFile; fileRef = 8BD5029023975023008603EA /* Factory.m */; };
		8BD5029423975ADF008603EA /* IntelFactory.m in Sources */ = {isa = PBXBuildFile; fileRef = 8BD5029323975ADF008603EA /* IntelFactory.m */; };
		8BD5029723975BF5008603EA /* IntelCpu1179.m in Sources */ = {isa = PBXBuildFile; fileRef = 8BD5029623975BF5008603EA /* IntelCpu1179.m */; };
		8BD5029A23975C21008603EA /* intelCpu753.m in Sources */ = {isa = PBXBuildFile; fileRef = 8BD5029923975C21008603EA /* intelCpu753.m */; };
		8BD502A223979F63008603EA /* IUser.m in Sources */ = {isa = PBXBuildFile; fileRef = 8BD502A123979F63008603EA /* IUser.m */; };
		8BD502A52397AC1F008603EA /* IDepartment.m in Sources */ = {isa = PBXBuildFile; fileRef = 8BD502A42397AC1F008603EA /* IDepartment.m */; };
		8BD502A82397AC9F008603EA /* SqlServerUser.m in Sources */ = {isa = PBXBuildFile; fileRef = 8BD502A72397AC9F008603EA /* SqlServerUser.m */; };
		8BD502AB2397AEC5008603EA /* AccessUser.m in Sources */ = {isa = PBXBuildFile; fileRef = 8BD502AA2397AEC5008603EA /* AccessUser.m */; };
		8BD502AE2397B063008603EA /* SqlServerDepartment.m in Sources */ = {isa = PBXBuildFile; fileRef = 8BD502AD2397B063008603EA /* SqlServerDepartment.m */; };
		8BD502B12397B073008603EA /* AccessDepartment.m in Sources */ = {isa = PBXBuildFile; fileRef = 8BD502B02397B073008603EA /* AccessDepartment.m */; };
		8BD502B423989EC8008603EA /* SqlServerFactory.m in Sources */ = {isa = PBXBuildFile; fileRef = 8BD502B323989EC8008603EA /* SqlServerFactory.m */; };
		8BD502B72398A274008603EA /* AccessFactory.m in Sources */ = {isa = PBXBuildFile; fileRef = 8BD502B62398A274008603EA /* AccessFactory.m */; };
		8BD502BB2398D9DD008603EA /* VideoCard.m in Sources */ = {isa = PBXBuildFile; fileRef = 8BD502BA2398D9DD008603EA /* VideoCard.m */; };
		8BD502BE2398DF0A008603EA /* CPU1.m in Sources */ = {isa = PBXBuildFile; fileRef = 8BD502BD2398DF0A008603EA /* CPU1.m */; };
		8BD502C12398DF15008603EA /* CDDriver.m in Sources */ = {isa = PBXBuildFile; fileRef = 8BD502C02398DF15008603EA /* CDDriver.m */; };
		8BD502C42398DF29008603EA /* MainBoard.m in Sources */ = {isa = PBXBuildFile; fileRef = 8BD502C32398DF29008603EA /* MainBoard.m */; };
		8BD502C9239B53B7008603EA /* HtmlBuilder.m in Sources */ = {isa = PBXBuildFile; fileRef = 8BD502C8239B53B7008603EA /* HtmlBuilder.m */; };
		8BD502CC239B565D008603EA /* XmlBuilder.m in Sources */ = {isa = PBXBuildFile; fileRef = 8BD502CB239B565D008603EA /* XmlBuilder.m */; };
		8BD502CF239B7DB0008603EA /* BuilderDirector.m in Sources */ = {isa = PBXBuildFile; fileRef = 8BD502CE239B7DB0008603EA /* BuilderDirector.m */; };
		8BD8F6B42386372C0054CFD9 /* AppDelegate.m in Sources */ = {isa = PBXBuildFile; fileRef = 8BD8F6B32386372C0054CFD9 /* AppDelegate.m */; };
		8BD8F6B72386372C0054CFD9 /* SceneDelegate.m in Sources */ = {isa = PBXBuildFile; fileRef = 8BD8F6B62386372C0054CFD9 /* SceneDelegate.m */; };
		8BD8F6BA2386372C0054CFD9 /* ViewController.m in Sources */ = {isa = PBXBuildFile; fileRef = 8BD8F6B92386372C0054CFD9 /* ViewController.m */; };
		8BD8F6BD2386372C0054CFD9 /* Main.storyboard in Resources */ = {isa = PBXBuildFile; fileRef = 8BD8F6BB2386372C0054CFD9 /* Main.storyboard */; };
		8BD8F6BF2386372D0054CFD9 /* Assets.xcassets in Resources */ = {isa = PBXBuildFile; fileRef = 8BD8F6BE2386372D0054CFD9 /* Assets.xcassets */; };
		8BD8F6C22386372D0054CFD9 /* LaunchScreen.storyboard in Resources */ = {isa = PBXBuildFile; fileRef = 8BD8F6C02386372D0054CFD9 /* LaunchScreen.storyboard */; };
		8BD8F6C52386372D0054CFD9 /* main.m in Sources */ = {isa = PBXBuildFile; fileRef = 8BD8F6C42386372D0054CFD9 /* main.m */; };
		8BD8F6CF2386372D0054CFD9 /* DesignPatternAppTests.m in Sources */ = {isa = PBXBuildFile; fileRef = 8BD8F6CE2386372D0054CFD9 /* DesignPatternAppTests.m */; };
		8BD8F6DA2386372D0054CFD9 /* DesignPatternAppUITests.m in Sources */ = {isa = PBXBuildFile; fileRef = 8BD8F6D92386372D0054CFD9 /* DesignPatternAppUITests.m */; };
		8BDFA5522429B5C600B761BA /* Light.m in Sources */ = {isa = PBXBuildFile; fileRef = 8BDFA5512429B5C600B761BA /* Light.m */; };
		8BDFA5552429B6BF00B761BA /* Video.m in Sources */ = {isa = PBXBuildFile; fileRef = 8BDFA5542429B6BF00B761BA /* Video.m */; };
		8BDFA5592429E17A00B761BA /* LightOnCommand.m in Sources */ = {isa = PBXBuildFile; fileRef = 8BDFA5582429E17A00B761BA /* LightOnCommand.m */; };
		8BDFA55C2429E5EF00B761BA /* LightOffCommand.m in Sources */ = {isa = PBXBuildFile; fileRef = 8BDFA55B2429E5EF00B761BA /* LightOffCommand.m */; };
		8BDFA55F2429E75100B761BA /* VideoPlayCommand.m in Sources */ = {isa = PBXBuildFile; fileRef = 8BDFA55E2429E75100B761BA /* VideoPlayCommand.m */; };
		8BDFA5622429EA4F00B761BA /* VideoCloseCommand.m in Sources */ = {isa = PBXBuildFile; fileRef = 8BDFA5612429EA4F00B761BA /* VideoCloseCommand.m */; };
		8BDFA5652429EED300B761BA /* RemoteControl.m in Sources */ = {isa = PBXBuildFile; fileRef = 8BDFA5642429EED300B761BA /* RemoteControl.m */; };
		8BDFA5682429EEED00B761BA /* EmptyCommand.m in Sources */ = {isa = PBXBuildFile; fileRef = 8BDFA5672429EEED00B761BA /* EmptyCommand.m */; };
		8BDFA56C2429EF4F00B761BA /* RemoteConrol.m in Sources */ = {isa = PBXBuildFile; fileRef = 8BDFA56B2429EF4F00B761BA /* RemoteConrol.m */; };
		8BDFA56F2429F5E000B761BA /* RemoteLoader.m in Sources */ = {isa = PBXBuildFile; fileRef = 8BDFA56E2429F5E000B761BA /* RemoteLoader.m */; };
		8BDFA573242A070F00B761BA /* MenuComponent.m in Sources */ = {isa = PBXBuildFile; fileRef = 8BDFA572242A070F00B761BA /* MenuComponent.m */; };
		8BDFA579242A094F00B761BA /* Menu.m in Sources */ = {isa = PBXBuildFile; fileRef = 8BDFA578242A094F00B761BA /* Menu.m */; };
		8BDFA57C242A1C0C00B761BA /* MenuItem.m in Sources */ = {isa = PBXBuildFile; fileRef = 8BDFA57B242A1C0C00B761BA /* MenuItem.m */; };
		8BDFA57F242A260500B761BA /* MenuHandler.m in Sources */ = {isa = PBXBuildFile; fileRef = 8BDFA57E242A260500B761BA /* MenuHandler.m */; };
		8BDFA584242A314200B761BA /* StragegyMinus.m in Sources */ = {isa = PBXBuildFile; fileRef = 8BDFA583242A314200B761BA /* StragegyMinus.m */; };
		8BDFA587242A34AC00B761BA /* StrategyDiscount.m in Sources */ = {isa = PBXBuildFile; fileRef = 8BDFA586242A34AC00B761BA /* StrategyDiscount.m */; };
		8BDFA58A242A35D100B761BA /* PriceContext.m in Sources */ = {isa = PBXBuildFile; fileRef = 8BDFA589242A35D100B761BA /* PriceContext.m */; };
		8BDFA58E242B055100B761BA /* Component.m in Sources */ = {isa = PBXBuildFile; fileRef = 8BDFA58D242B055100B761BA /* Component.m */; };
		8BDFA594242B06BA00B761BA /* ConcreteComponent.m in Sources */ = {isa = PBXBuildFile; fileRef = 8BDFA593242B06BA00B761BA /* ConcreteComponent.m */; };
		8BDFA597242B0A2500B761BA /* Decorator.m in Sources */ = {isa = PBXBuildFile; fileRef = 8BDFA596242B0A2500B761BA /* Decorator.m */; };
		8BDFA59A242B357800B761BA /* GroupDecorator.m in Sources */ = {isa = PBXBuildFile; fileRef = 8BDFA599242B357800B761BA /* GroupDecorator.m */; };
		8BDFA59D242B36AF00B761BA /* MonthDecorator.m in Sources */ = {isa = PBXBuildFile; fileRef = 8BDFA59C242B36AF00B761BA /* MonthDecorator.m */; };
		8BDFA5A0242B3B6D00B761BA /* SumDecorator.m in Sources */ = {isa = PBXBuildFile; fileRef = 8BDFA59F242B3B6D00B761BA /* SumDecorator.m */; };
		8BDFA5A5242B775300B761BA /* MessageSMS.m in Sources */ = {isa = PBXBuildFile; fileRef = 8BDFA5A4242B775300B761BA /* MessageSMS.m */; };
		8BDFA5A8242B784700B761BA /* MessageDing.m in Sources */ = {isa = PBXBuildFile; fileRef = 8BDFA5A7242B784700B761BA /* MessageDing.m */; };
		8BDFA5AB242B78D300B761BA /* AbstraceMessage.m in Sources */ = {isa = PBXBuildFile; fileRef = 8BDFA5AA242B78D300B761BA /* AbstraceMessage.m */; };
		8BDFA5AE242B7BBE00B761BA /* SpecialMessage.m in Sources */ = {isa = PBXBuildFile; fileRef = 8BDFA5AD242B7BBE00B761BA /* SpecialMessage.m */; };
		8BDFA5B1242B7C6100B761BA /* UrgentMessage.m in Sources */ = {isa = PBXBuildFile; fileRef = 8BDFA5B0242B7C6100B761BA /* UrgentMessage.m */; };
		8BDFA5B5242B83AA00B761BA /* Handler.m in Sources */ = {isa = PBXBuildFile; fileRef = 8BDFA5B4242B83AA00B761BA /* Handler.m */; };
		8BDFA5B8242B843400B761BA /* ProjectManagerHandler.m in Sources */ = {isa = PBXBuildFile; fileRef = 8BDFA5B7242B843400B761BA /* ProjectManagerHandler.m */; };
		8BDFA5BB242B849B00B761BA /* DepManagerHandler.m in Sources */ = {isa = PBXBuildFile; fileRef = 8BDFA5BA242B849B00B761BA /* DepManagerHandler.m */; };
		8BDFA5BE242B84F100B761BA /* GeneralManagerHandler.m in Sources */ = {isa = PBXBuildFile; fileRef = 8BDFA5BD242B84F100B761BA /* GeneralManagerHandler.m */; };
/* End PBXBuildFile section */

/* Begin PBXContainerItemProxy section */
		8BD8F6CB2386372D0054CFD9 /* PBXContainerItemProxy */ = {
			isa = PBXContainerItemProxy;
			containerPortal = 8BD8F6A72386372C0054CFD9 /* Project object */;
			proxyType = 1;
			remoteGlobalIDString = 8BD8F6AE2386372C0054CFD9;
			remoteInfo = DesignPatternApp;
		};
		8BD8F6D62386372D0054CFD9 /* PBXContainerItemProxy */ = {
			isa = PBXContainerItemProxy;
			containerPortal = 8BD8F6A72386372C0054CFD9 /* Project object */;
			proxyType = 1;
			remoteGlobalIDString = 8BD8F6AE2386372C0054CFD9;
			remoteInfo = DesignPatternApp;
		};
/* End PBXContainerItemProxy section */

/* Begin PBXFileReference section */
		8B725EBB238BCA7A00ADC260 /* Bird.h */ = {isa = PBXFileReference; lastKnownFileType = sourcecode.c.h; path = Bird.h; sourceTree = "<group>"; };
		8B725EBC238BCF0D00ADC260 /* Mango.h */ = {isa = PBXFileReference; lastKnownFileType = sourcecode.c.h; path = Mango.h; sourceTree = "<group>"; };
		8B725EBD238BCF0D00ADC260 /* Mango.m */ = {isa = PBXFileReference; lastKnownFileType = sourcecode.c.objc; path = Mango.m; sourceTree = "<group>"; };
		8B725EBF238BD24900ADC260 /* BirdPlant.h */ = {isa = PBXFileReference; lastKnownFileType = sourcecode.c.h; path = BirdPlant.h; sourceTree = "<group>"; };
		8B725EC0238BD24900ADC260 /* BirdPlant.m */ = {isa = PBXFileReference; lastKnownFileType = sourcecode.c.objc; path = BirdPlant.m; sourceTree = "<group>"; };
		8BB048DD23911202007C2C3F /* Client.h */ = {isa = PBXFileReference; lastKnownFileType = sourcecode.c.h; path = Client.h; sourceTree = "<group>"; };
		8BB048DE23911202007C2C3F /* Client.m */ = {isa = PBXFileReference; lastKnownFileType = sourcecode.c.objc; path = Client.m; sourceTree = "<group>"; };
		8BB048E023911277007C2C3F /* CPU.h */ = {isa = PBXFileReference; lastKnownFileType = sourcecode.c.h; path = CPU.h; sourceTree = "<group>"; };
		8BB048E123911277007C2C3F /* CPU.m */ = {isa = PBXFileReference; lastKnownFileType = sourcecode.c.objc; path = CPU.m; sourceTree = "<group>"; };
		8BB048E323911285007C2C3F /* InterCpu.h */ = {isa = PBXFileReference; lastKnownFileType = sourcecode.c.h; path = InterCpu.h; sourceTree = "<group>"; };
		8BB048E423911285007C2C3F /* InterCpu.m */ = {isa = PBXFileReference; lastKnownFileType = sourcecode.c.objc; path = InterCpu.m; sourceTree = "<group>"; };
		8BB048E6239112D5007C2C3F /* AppleCpu.h */ = {isa = PBXFileReference; lastKnownFileType = sourcecode.c.h; path = AppleCpu.h; sourceTree = "<group>"; };
		8BB048E7239112D5007C2C3F /* AppleCpu.m */ = {isa = PBXFileReference; lastKnownFileType = sourcecode.c.objc; path = AppleCpu.m; sourceTree = "<group>"; };
		8BB048E9239112F1007C2C3F /* AMDCpu.h */ = {isa = PBXFileReference; lastKnownFileType = sourcecode.c.h; path = AMDCpu.h; sourceTree = "<group>"; };
		8BB048EA239112F1007C2C3F /* AMDCpu.m */ = {isa = PBXFileReference; lastKnownFileType = sourcecode.c.objc; path = AMDCpu.m; sourceTree = "<group>"; };
		8BB048EC23911DAB007C2C3F /* SimpleFactory.h */ = {isa = PBXFileReference; lastKnownFileType = sourcecode.c.h; path = SimpleFactory.h; sourceTree = "<group>"; };
		8BB048ED23911DAB007C2C3F /* SimpleFactory.m */ = {isa = PBXFileReference; lastKnownFileType = sourcecode.c.objc; path = SimpleFactory.m; sourceTree = "<group>"; };
		8BD5028F23975023008603EA /* Factory.h */ = {isa = PBXFileReference; lastKnownFileType = sourcecode.c.h; path = Factory.h; sourceTree = "<group>"; };
		8BD5029023975023008603EA /* Factory.m */ = {isa = PBXFileReference; lastKnownFileType = sourcecode.c.objc; path = Factory.m; sourceTree = "<group>"; };
		8BD5029223975ADF008603EA /* IntelFactory.h */ = {isa = PBXFileReference; lastKnownFileType = sourcecode.c.h; path = IntelFactory.h; sourceTree = "<group>"; };
		8BD5029323975ADF008603EA /* IntelFactory.m */ = {isa = PBXFileReference; lastKnownFileType = sourcecode.c.objc; path = IntelFactory.m; sourceTree = "<group>"; };
		8BD5029523975BF5008603EA /* IntelCpu1179.h */ = {isa = PBXFileReference; lastKnownFileType = sourcecode.c.h; path = IntelCpu1179.h; sourceTree = "<group>"; };
		8BD5029623975BF5008603EA /* IntelCpu1179.m */ = {isa = PBXFileReference; lastKnownFileType = sourcecode.c.objc; path = IntelCpu1179.m; sourceTree = "<group>"; };
		8BD5029823975C21008603EA /* intelCpu753.h */ = {isa = PBXFileReference; lastKnownFileType = sourcecode.c.h; path = intelCpu753.h; sourceTree = "<group>"; };
		8BD5029923975C21008603EA /* intelCpu753.m */ = {isa = PBXFileReference; lastKnownFileType = sourcecode.c.objc; path = intelCpu753.m; sourceTree = "<group>"; };
		8BD5029F23979E3B008603EA /* IFactory.h */ = {isa = PBXFileReference; lastKnownFileType = sourcecode.c.h; path = IFactory.h; sourceTree = "<group>"; };
		8BD502A023979F63008603EA /* IUser.h */ = {isa = PBXFileReference; lastKnownFileType = sourcecode.c.h; path = IUser.h; sourceTree = "<group>"; };
		8BD502A123979F63008603EA /* IUser.m */ = {isa = PBXFileReference; lastKnownFileType = sourcecode.c.objc; path = IUser.m; sourceTree = "<group>"; };
		8BD502A32397AC1F008603EA /* IDepartment.h */ = {isa = PBXFileReference; lastKnownFileType = sourcecode.c.h; path = IDepartment.h; sourceTree = "<group>"; };
		8BD502A42397AC1F008603EA /* IDepartment.m */ = {isa = PBXFileReference; lastKnownFileType = sourcecode.c.objc; path = IDepartment.m; sourceTree = "<group>"; };
		8BD502A62397AC9F008603EA /* SqlServerUser.h */ = {isa = PBXFileReference; lastKnownFileType = sourcecode.c.h; path = SqlServerUser.h; sourceTree = "<group>"; };
		8BD502A72397AC9F008603EA /* SqlServerUser.m */ = {isa = PBXFileReference; lastKnownFileType = sourcecode.c.objc; path = SqlServerUser.m; sourceTree = "<group>"; };
		8BD502A92397AEC5008603EA /* AccessUser.h */ = {isa = PBXFileReference; lastKnownFileType = sourcecode.c.h; path = AccessUser.h; sourceTree = "<group>"; };
		8BD502AA2397AEC5008603EA /* AccessUser.m */ = {isa = PBXFileReference; lastKnownFileType = sourcecode.c.objc; path = AccessUser.m; sourceTree = "<group>"; };
		8BD502AC2397B063008603EA /* SqlServerDepartment.h */ = {isa = PBXFileReference; lastKnownFileType = sourcecode.c.h; path = SqlServerDepartment.h; sourceTree = "<group>"; };
		8BD502AD2397B063008603EA /* SqlServerDepartment.m */ = {isa = PBXFileReference; lastKnownFileType = sourcecode.c.objc; path = SqlServerDepartment.m; sourceTree = "<group>"; };
		8BD502AF2397B073008603EA /* AccessDepartment.h */ = {isa = PBXFileReference; lastKnownFileType = sourcecode.c.h; path = AccessDepartment.h; sourceTree = "<group>"; };
		8BD502B02397B073008603EA /* AccessDepartment.m */ = {isa = PBXFileReference; lastKnownFileType = sourcecode.c.objc; path = AccessDepartment.m; sourceTree = "<group>"; };
		8BD502B223989EC8008603EA /* SqlServerFactory.h */ = {isa = PBXFileReference; lastKnownFileType = sourcecode.c.h; path = SqlServerFactory.h; sourceTree = "<group>"; };
		8BD502B323989EC8008603EA /* SqlServerFactory.m */ = {isa = PBXFileReference; lastKnownFileType = sourcecode.c.objc; path = SqlServerFactory.m; sourceTree = "<group>"; };
		8BD502B52398A274008603EA /* AccessFactory.h */ = {isa = PBXFileReference; lastKnownFileType = sourcecode.c.h; path = AccessFactory.h; sourceTree = "<group>"; };
		8BD502B62398A274008603EA /* AccessFactory.m */ = {isa = PBXFileReference; lastKnownFileType = sourcecode.c.objc; path = AccessFactory.m; sourceTree = "<group>"; };
		8BD502B92398D9DD008603EA /* VideoCard.h */ = {isa = PBXFileReference; lastKnownFileType = sourcecode.c.h; path = VideoCard.h; sourceTree = "<group>"; };
		8BD502BA2398D9DD008603EA /* VideoCard.m */ = {isa = PBXFileReference; lastKnownFileType = sourcecode.c.objc; path = VideoCard.m; sourceTree = "<group>"; };
		8BD502BC2398DF0A008603EA /* CPU1.h */ = {isa = PBXFileReference; lastKnownFileType = sourcecode.c.h; path = CPU1.h; sourceTree = "<group>"; };
		8BD502BD2398DF0A008603EA /* CPU1.m */ = {isa = PBXFileReference; lastKnownFileType = sourcecode.c.objc; path = CPU1.m; sourceTree = "<group>"; };
		8BD502BF2398DF15008603EA /* CDDriver.h */ = {isa = PBXFileReference; lastKnownFileType = sourcecode.c.h; path = CDDriver.h; sourceTree = "<group>"; };
		8BD502C02398DF15008603EA /* CDDriver.m */ = {isa = PBXFileReference; lastKnownFileType = sourcecode.c.objc; path = CDDriver.m; sourceTree = "<group>"; };
		8BD502C22398DF29008603EA /* MainBoard.h */ = {isa = PBXFileReference; lastKnownFileType = sourcecode.c.h; path = MainBoard.h; sourceTree = "<group>"; };
		8BD502C32398DF29008603EA /* MainBoard.m */ = {isa = PBXFileReference; lastKnownFileType = sourcecode.c.objc; path = MainBoard.m; sourceTree = "<group>"; };
		8BD502C6239B4A48008603EA /* BilerInterface.h */ = {isa = PBXFileReference; lastKnownFileType = sourcecode.c.h; path = BilerInterface.h; sourceTree = "<group>"; };
		8BD502C7239B53B7008603EA /* HtmlBuilder.h */ = {isa = PBXFileReference; lastKnownFileType = sourcecode.c.h; path = HtmlBuilder.h; sourceTree = "<group>"; };
		8BD502C8239B53B7008603EA /* HtmlBuilder.m */ = {isa = PBXFileReference; lastKnownFileType = sourcecode.c.objc; path = HtmlBuilder.m; sourceTree = "<group>"; };
		8BD502CA239B565D008603EA /* XmlBuilder.h */ = {isa = PBXFileReference; lastKnownFileType = sourcecode.c.h; path = XmlBuilder.h; sourceTree = "<group>"; };
		8BD502CB239B565D008603EA /* XmlBuilder.m */ = {isa = PBXFileReference; lastKnownFileType = sourcecode.c.objc; path = XmlBuilder.m; sourceTree = "<group>"; };
		8BD502CD239B7DB0008603EA /* BuilderDirector.h */ = {isa = PBXFileReference; lastKnownFileType = sourcecode.c.h; path = BuilderDirector.h; sourceTree = "<group>"; };
		8BD502CE239B7DB0008603EA /* BuilderDirector.m */ = {isa = PBXFileReference; lastKnownFileType = sourcecode.c.objc; path = BuilderDirector.m; sourceTree = "<group>"; };
		8BD8F6AF2386372C0054CFD9 /* DesignPatternApp.app */ = {isa = PBXFileReference; explicitFileType = wrapper.application; includeInIndex = 0; path = DesignPatternApp.app; sourceTree = BUILT_PRODUCTS_DIR; };
		8BD8F6B22386372C0054CFD9 /* AppDelegate.h */ = {isa = PBXFileReference; lastKnownFileType = sourcecode.c.h; path = AppDelegate.h; sourceTree = "<group>"; };
		8BD8F6B32386372C0054CFD9 /* AppDelegate.m */ = {isa = PBXFileReference; lastKnownFileType = sourcecode.c.objc; path = AppDelegate.m; sourceTree = "<group>"; };
		8BD8F6B52386372C0054CFD9 /* SceneDelegate.h */ = {isa = PBXFileReference; lastKnownFileType = sourcecode.c.h; path = SceneDelegate.h; sourceTree = "<group>"; };
		8BD8F6B62386372C0054CFD9 /* SceneDelegate.m */ = {isa = PBXFileReference; lastKnownFileType = sourcecode.c.objc; path = SceneDelegate.m; sourceTree = "<group>"; };
		8BD8F6B82386372C0054CFD9 /* ViewController.h */ = {isa = PBXFileReference; lastKnownFileType = sourcecode.c.h; path = ViewController.h; sourceTree = "<group>"; };
		8BD8F6B92386372C0054CFD9 /* ViewController.m */ = {isa = PBXFileReference; lastKnownFileType = sourcecode.c.objc; path = ViewController.m; sourceTree = "<group>"; };
		8BD8F6BC2386372C0054CFD9 /* Base */ = {isa = PBXFileReference; lastKnownFileType = file.storyboard; name = Base; path = Base.lproj/Main.storyboard; sourceTree = "<group>"; };
		8BD8F6BE2386372D0054CFD9 /* Assets.xcassets */ = {isa = PBXFileReference; lastKnownFileType = folder.assetcatalog; path = Assets.xcassets; sourceTree = "<group>"; };
		8BD8F6C12386372D0054CFD9 /* Base */ = {isa = PBXFileReference; lastKnownFileType = file.storyboard; name = Base; path = Base.lproj/LaunchScreen.storyboard; sourceTree = "<group>"; };
		8BD8F6C32386372D0054CFD9 /* Info.plist */ = {isa = PBXFileReference; lastKnownFileType = text.plist.xml; path = Info.plist; sourceTree = "<group>"; };
		8BD8F6C42386372D0054CFD9 /* main.m */ = {isa = PBXFileReference; lastKnownFileType = sourcecode.c.objc; path = main.m; sourceTree = "<group>"; };
		8BD8F6CA2386372D0054CFD9 /* DesignPatternAppTests.xctest */ = {isa = PBXFileReference; explicitFileType = wrapper.cfbundle; includeInIndex = 0; path = DesignPatternAppTests.xctest; sourceTree = BUILT_PRODUCTS_DIR; };
		8BD8F6CE2386372D0054CFD9 /* DesignPatternAppTests.m */ = {isa = PBXFileReference; lastKnownFileType = sourcecode.c.objc; path = DesignPatternAppTests.m; sourceTree = "<group>"; };
		8BD8F6D02386372D0054CFD9 /* Info.plist */ = {isa = PBXFileReference; lastKnownFileType = text.plist.xml; path = Info.plist; sourceTree = "<group>"; };
		8BD8F6D52386372D0054CFD9 /* DesignPatternAppUITests.xctest */ = {isa = PBXFileReference; explicitFileType = wrapper.cfbundle; includeInIndex = 0; path = DesignPatternAppUITests.xctest; sourceTree = BUILT_PRODUCTS_DIR; };
		8BD8F6D92386372D0054CFD9 /* DesignPatternAppUITests.m */ = {isa = PBXFileReference; lastKnownFileType = sourcecode.c.objc; path = DesignPatternAppUITests.m; sourceTree = "<group>"; };
		8BD8F6DB2386372D0054CFD9 /* Info.plist */ = {isa = PBXFileReference; lastKnownFileType = text.plist.xml; path = Info.plist; sourceTree = "<group>"; };
		8BDFA5502429B5C600B761BA /* Light.h */ = {isa = PBXFileReference; lastKnownFileType = sourcecode.c.h; path = Light.h; sourceTree = "<group>"; };
		8BDFA5512429B5C600B761BA /* Light.m */ = {isa = PBXFileReference; lastKnownFileType = sourcecode.c.objc; path = Light.m; sourceTree = "<group>"; };
		8BDFA5532429B6BF00B761BA /* Video.h */ = {isa = PBXFileReference; lastKnownFileType = sourcecode.c.h; path = Video.h; sourceTree = "<group>"; };
		8BDFA5542429B6BF00B761BA /* Video.m */ = {isa = PBXFileReference; lastKnownFileType = sourcecode.c.objc; path = Video.m; sourceTree = "<group>"; };
		8BDFA5562429DD8000B761BA /* SwitchCommondInterface.h */ = {isa = PBXFileReference; lastKnownFileType = sourcecode.c.h; path = SwitchCommondInterface.h; sourceTree = "<group>"; };
		8BDFA5572429E17A00B761BA /* LightOnCommand.h */ = {isa = PBXFileReference; lastKnownFileType = sourcecode.c.h; path = LightOnCommand.h; sourceTree = "<group>"; };
		8BDFA5582429E17A00B761BA /* LightOnCommand.m */ = {isa = PBXFileReference; lastKnownFileType = sourcecode.c.objc; path = LightOnCommand.m; sourceTree = "<group>"; };
		8BDFA55A2429E5EF00B761BA /* LightOffCommand.h */ = {isa = PBXFileReference; lastKnownFileType = sourcecode.c.h; path = LightOffCommand.h; sourceTree = "<group>"; };
		8BDFA55B2429E5EF00B761BA /* LightOffCommand.m */ = {isa = PBXFileReference; lastKnownFileType = sourcecode.c.objc; path = LightOffCommand.m; sourceTree = "<group>"; };
		8BDFA55D2429E75100B761BA /* VideoPlayCommand.h */ = {isa = PBXFileReference; lastKnownFileType = sourcecode.c.h; path = VideoPlayCommand.h; sourceTree = "<group>"; };
		8BDFA55E2429E75100B761BA /* VideoPlayCommand.m */ = {isa = PBXFileReference; lastKnownFileType = sourcecode.c.objc; path = VideoPlayCommand.m; sourceTree = "<group>"; };
		8BDFA5602429EA4F00B761BA /* VideoCloseCommand.h */ = {isa = PBXFileReference; lastKnownFileType = sourcecode.c.h; path = VideoCloseCommand.h; sourceTree = "<group>"; };
		8BDFA5612429EA4F00B761BA /* VideoCloseCommand.m */ = {isa = PBXFileReference; lastKnownFileType = sourcecode.c.objc; path = VideoCloseCommand.m; sourceTree = "<group>"; };
		8BDFA5632429EED300B761BA /* RemoteControl.h */ = {isa = PBXFileReference; lastKnownFileType = sourcecode.c.h; path = RemoteControl.h; sourceTree = "<group>"; };
		8BDFA5642429EED300B761BA /* RemoteControl.m */ = {isa = PBXFileReference; lastKnownFileType = sourcecode.c.objc; path = RemoteControl.m; sourceTree = "<group>"; };
		8BDFA5662429EEED00B761BA /* EmptyCommand.h */ = {isa = PBXFileReference; lastKnownFileType = sourcecode.c.h; path = EmptyCommand.h; sourceTree = "<group>"; };
		8BDFA5672429EEED00B761BA /* EmptyCommand.m */ = {isa = PBXFileReference; lastKnownFileType = sourcecode.c.objc; path = EmptyCommand.m; sourceTree = "<group>"; };
		8BDFA56A2429EF4F00B761BA /* RemoteConrol.h */ = {isa = PBXFileReference; lastKnownFileType = sourcecode.c.h; path = RemoteConrol.h; sourceTree = "<group>"; };
		8BDFA56B2429EF4F00B761BA /* RemoteConrol.m */ = {isa = PBXFileReference; lastKnownFileType = sourcecode.c.objc; path = RemoteConrol.m; sourceTree = "<group>"; };
		8BDFA56D2429F5E000B761BA /* RemoteLoader.h */ = {isa = PBXFileReference; lastKnownFileType = sourcecode.c.h; path = RemoteLoader.h; sourceTree = "<group>"; };
		8BDFA56E2429F5E000B761BA /* RemoteLoader.m */ = {isa = PBXFileReference; lastKnownFileType = sourcecode.c.objc; path = RemoteLoader.m; sourceTree = "<group>"; };
		8BDFA571242A070F00B761BA /* MenuComponent.h */ = {isa = PBXFileReference; lastKnownFileType = sourcecode.c.h; path = MenuComponent.h; sourceTree = "<group>"; };
		8BDFA572242A070F00B761BA /* MenuComponent.m */ = {isa = PBXFileReference; lastKnownFileType = sourcecode.c.objc; path = MenuComponent.m; sourceTree = "<group>"; };
		8BDFA577242A094F00B761BA /* Menu.h */ = {isa = PBXFileReference; lastKnownFileType = sourcecode.c.h; path = Menu.h; sourceTree = "<group>"; };
		8BDFA578242A094F00B761BA /* Menu.m */ = {isa = PBXFileReference; lastKnownFileType = sourcecode.c.objc; path = Menu.m; sourceTree = "<group>"; };
		8BDFA57A242A1C0C00B761BA /* MenuItem.h */ = {isa = PBXFileReference; lastKnownFileType = sourcecode.c.h; path = MenuItem.h; sourceTree = "<group>"; };
		8BDFA57B242A1C0C00B761BA /* MenuItem.m */ = {isa = PBXFileReference; lastKnownFileType = sourcecode.c.objc; path = MenuItem.m; sourceTree = "<group>"; };
		8BDFA57D242A260500B761BA /* MenuHandler.h */ = {isa = PBXFileReference; lastKnownFileType = sourcecode.c.h; path = MenuHandler.h; sourceTree = "<group>"; };
		8BDFA57E242A260500B761BA /* MenuHandler.m */ = {isa = PBXFileReference; lastKnownFileType = sourcecode.c.objc; path = MenuHandler.m; sourceTree = "<group>"; };
		8BDFA581242A2FDA00B761BA /* Strategy.h */ = {isa = PBXFileReference; lastKnownFileType = sourcecode.c.h; path = Strategy.h; sourceTree = "<group>"; };
		8BDFA582242A314200B761BA /* StragegyMinus.h */ = {isa = PBXFileReference; lastKnownFileType = sourcecode.c.h; path = StragegyMinus.h; sourceTree = "<group>"; };
		8BDFA583242A314200B761BA /* StragegyMinus.m */ = {isa = PBXFileReference; lastKnownFileType = sourcecode.c.objc; path = StragegyMinus.m; sourceTree = "<group>"; };
		8BDFA585242A34AC00B761BA /* StrategyDiscount.h */ = {isa = PBXFileReference; lastKnownFileType = sourcecode.c.h; path = StrategyDiscount.h; sourceTree = "<group>"; };
		8BDFA586242A34AC00B761BA /* StrategyDiscount.m */ = {isa = PBXFileReference; lastKnownFileType = sourcecode.c.objc; path = StrategyDiscount.m; sourceTree = "<group>"; };
		8BDFA588242A35D100B761BA /* PriceContext.h */ = {isa = PBXFileReference; lastKnownFileType = sourcecode.c.h; path = PriceContext.h; sourceTree = "<group>"; };
		8BDFA589242A35D100B761BA /* PriceContext.m */ = {isa = PBXFileReference; lastKnownFileType = sourcecode.c.objc; path = PriceContext.m; sourceTree = "<group>"; };
		8BDFA58C242B055100B761BA /* Component.h */ = {isa = PBXFileReference; lastKnownFileType = sourcecode.c.h; path = Component.h; sourceTree = "<group>"; };
		8BDFA58D242B055100B761BA /* Component.m */ = {isa = PBXFileReference; lastKnownFileType = sourcecode.c.objc; path = Component.m; sourceTree = "<group>"; };
		8BDFA592242B06BA00B761BA /* ConcreteComponent.h */ = {isa = PBXFileReference; lastKnownFileType = sourcecode.c.h; path = ConcreteComponent.h; sourceTree = "<group>"; };
		8BDFA593242B06BA00B761BA /* ConcreteComponent.m */ = {isa = PBXFileReference; lastKnownFileType = sourcecode.c.objc; path = ConcreteComponent.m; sourceTree = "<group>"; };
		8BDFA595242B0A2500B761BA /* Decorator.h */ = {isa = PBXFileReference; lastKnownFileType = sourcecode.c.h; path = Decorator.h; sourceTree = "<group>"; };
		8BDFA596242B0A2500B761BA /* Decorator.m */ = {isa = PBXFileReference; lastKnownFileType = sourcecode.c.objc; path = Decorator.m; sourceTree = "<group>"; };
		8BDFA598242B357800B761BA /* GroupDecorator.h */ = {isa = PBXFileReference; lastKnownFileType = sourcecode.c.h; path = GroupDecorator.h; sourceTree = "<group>"; };
		8BDFA599242B357800B761BA /* GroupDecorator.m */ = {isa = PBXFileReference; lastKnownFileType = sourcecode.c.objc; path = GroupDecorator.m; sourceTree = "<group>"; };
		8BDFA59B242B36AF00B761BA /* MonthDecorator.h */ = {isa = PBXFileReference; lastKnownFileType = sourcecode.c.h; path = MonthDecorator.h; sourceTree = "<group>"; };
		8BDFA59C242B36AF00B761BA /* MonthDecorator.m */ = {isa = PBXFileReference; lastKnownFileType = sourcecode.c.objc; path = MonthDecorator.m; sourceTree = "<group>"; };
		8BDFA59E242B3B6D00B761BA /* SumDecorator.h */ = {isa = PBXFileReference; lastKnownFileType = sourcecode.c.h; path = SumDecorator.h; sourceTree = "<group>"; };
		8BDFA59F242B3B6D00B761BA /* SumDecorator.m */ = {isa = PBXFileReference; lastKnownFileType = sourcecode.c.objc; path = SumDecorator.m; sourceTree = "<group>"; };
		8BDFA5A2242B76FD00B761BA /* MessageToolInterface.h */ = {isa = PBXFileReference; lastKnownFileType = sourcecode.c.h; path = MessageToolInterface.h; sourceTree = "<group>"; };
		8BDFA5A3242B775300B761BA /* MessageSMS.h */ = {isa = PBXFileReference; lastKnownFileType = sourcecode.c.h; path = MessageSMS.h; sourceTree = "<group>"; };
		8BDFA5A4242B775300B761BA /* MessageSMS.m */ = {isa = PBXFileReference; lastKnownFileType = sourcecode.c.objc; path = MessageSMS.m; sourceTree = "<group>"; };
		8BDFA5A6242B784700B761BA /* MessageDing.h */ = {isa = PBXFileReference; lastKnownFileType = sourcecode.c.h; path = MessageDing.h; sourceTree = "<group>"; };
		8BDFA5A7242B784700B761BA /* MessageDing.m */ = {isa = PBXFileReference; lastKnownFileType = sourcecode.c.objc; path = MessageDing.m; sourceTree = "<group>"; };
		8BDFA5A9242B78D300B761BA /* AbstraceMessage.h */ = {isa = PBXFileReference; lastKnownFileType = sourcecode.c.h; path = AbstraceMessage.h; sourceTree = "<group>"; };
		8BDFA5AA242B78D300B761BA /* AbstraceMessage.m */ = {isa = PBXFileReference; lastKnownFileType = sourcecode.c.objc; path = AbstraceMessage.m; sourceTree = "<group>"; };
		8BDFA5AC242B7BBE00B761BA /* SpecialMessage.h */ = {isa = PBXFileReference; lastKnownFileType = sourcecode.c.h; path = SpecialMessage.h; sourceTree = "<group>"; };
		8BDFA5AD242B7BBE00B761BA /* SpecialMessage.m */ = {isa = PBXFileReference; lastKnownFileType = sourcecode.c.objc; path = SpecialMessage.m; sourceTree = "<group>"; };
		8BDFA5AF242B7C6100B761BA /* UrgentMessage.h */ = {isa = PBXFileReference; lastKnownFileType = sourcecode.c.h; path = UrgentMessage.h; sourceTree = "<group>"; };
		8BDFA5B0242B7C6100B761BA /* UrgentMessage.m */ = {isa = PBXFileReference; lastKnownFileType = sourcecode.c.objc; path = UrgentMessage.m; sourceTree = "<group>"; };
		8BDFA5B3242B83AA00B761BA /* Handler.h */ = {isa = PBXFileReference; lastKnownFileType = sourcecode.c.h; path = Handler.h; sourceTree = "<group>"; };
		8BDFA5B4242B83AA00B761BA /* Handler.m */ = {isa = PBXFileReference; lastKnownFileType = sourcecode.c.objc; path = Handler.m; sourceTree = "<group>"; };
		8BDFA5B6242B843400B761BA /* ProjectManagerHandler.h */ = {isa = PBXFileReference; lastKnownFileType = sourcecode.c.h; path = ProjectManagerHandler.h; sourceTree = "<group>"; };
		8BDFA5B7242B843400B761BA /* ProjectManagerHandler.m */ = {isa = PBXFileReference; lastKnownFileType = sourcecode.c.objc; path = ProjectManagerHandler.m; sourceTree = "<group>"; };
		8BDFA5B9242B849B00B761BA /* DepManagerHandler.h */ = {isa = PBXFileReference; lastKnownFileType = sourcecode.c.h; path = DepManagerHandler.h; sourceTree = "<group>"; };
		8BDFA5BA242B849B00B761BA /* DepManagerHandler.m */ = {isa = PBXFileReference; lastKnownFileType = sourcecode.c.objc; path = DepManagerHandler.m; sourceTree = "<group>"; };
		8BDFA5BC242B84F100B761BA /* GeneralManagerHandler.h */ = {isa = PBXFileReference; lastKnownFileType = sourcecode.c.h; path = GeneralManagerHandler.h; sourceTree = "<group>"; };
		8BDFA5BD242B84F100B761BA /* GeneralManagerHandler.m */ = {isa = PBXFileReference; lastKnownFileType = sourcecode.c.objc; path = GeneralManagerHandler.m; sourceTree = "<group>"; };
/* End PBXFileReference section */

/* Begin PBXFrameworksBuildPhase section */
		8BD8F6AC2386372C0054CFD9 /* Frameworks */ = {
			isa = PBXFrameworksBuildPhase;
			buildActionMask = 2147483647;
			files = (
			);
			runOnlyForDeploymentPostprocessing = 0;
		};
		8BD8F6C72386372D0054CFD9 /* Frameworks */ = {
			isa = PBXFrameworksBuildPhase;
			buildActionMask = 2147483647;
			files = (
			);
			runOnlyForDeploymentPostprocessing = 0;
		};
		8BD8F6D22386372D0054CFD9 /* Frameworks */ = {
			isa = PBXFrameworksBuildPhase;
			buildActionMask = 2147483647;
			files = (
			);
			runOnlyForDeploymentPostprocessing = 0;
		};
/* End PBXFrameworksBuildPhase section */

/* Begin PBXGroup section */
		8BB048D2238FBFE6007C2C3F /* 工厂模式 */ = {
			isa = PBXGroup;
			children = (
				8BD5029B23979BEF008603EA /* 抽象工厂 */,
				8BB048EF2394B28C007C2C3F /* 工厂模式 */,
				8BB048D3239106E8007C2C3F /* 简单工厂 */,
			);
			path = "工厂模式";
			sourceTree = "<group>";
		};
		8BB048D3239106E8007C2C3F /* 简单工厂 */ = {
			isa = PBXGroup;
			children = (
				8BB048DD23911202007C2C3F /* Client.h */,
				8BB048DE23911202007C2C3F /* Client.m */,
				8BB048E023911277007C2C3F /* CPU.h */,
				8BB048E123911277007C2C3F /* CPU.m */,
				8BB048E323911285007C2C3F /* InterCpu.h */,
				8BB048E423911285007C2C3F /* InterCpu.m */,
				8BB048E6239112D5007C2C3F /* AppleCpu.h */,
				8BB048E7239112D5007C2C3F /* AppleCpu.m */,
				8BB048E9239112F1007C2C3F /* AMDCpu.h */,
				8BB048EA239112F1007C2C3F /* AMDCpu.m */,
				8BB048EC23911DAB007C2C3F /* SimpleFactory.h */,
				8BB048ED23911DAB007C2C3F /* SimpleFactory.m */,
			);
			path = "简单工厂";
			sourceTree = "<group>";
		};
		8BB048EF2394B28C007C2C3F /* 工厂模式 */ = {
			isa = PBXGroup;
			children = (
				8BD5028F23975023008603EA /* Factory.h */,
				8BD5029023975023008603EA /* Factory.m */,
				8BD5029223975ADF008603EA /* IntelFactory.h */,
				8BD5029323975ADF008603EA /* IntelFactory.m */,
				8BD5029523975BF5008603EA /* IntelCpu1179.h */,
				8BD5029623975BF5008603EA /* IntelCpu1179.m */,
				8BD5029823975C21008603EA /* intelCpu753.h */,
				8BD5029923975C21008603EA /* intelCpu753.m */,
			);
			path = "工厂模式";
			sourceTree = "<group>";
		};
		8BD5029B23979BEF008603EA /* 抽象工厂 */ = {
			isa = PBXGroup;
			children = (
				8BD5029F23979E3B008603EA /* IFactory.h */,
				8BD502A023979F63008603EA /* IUser.h */,
				8BD502A123979F63008603EA /* IUser.m */,
				8BD502A32397AC1F008603EA /* IDepartment.h */,
				8BD502A42397AC1F008603EA /* IDepartment.m */,
				8BD502A62397AC9F008603EA /* SqlServerUser.h */,
				8BD502A72397AC9F008603EA /* SqlServerUser.m */,
				8BD502A92397AEC5008603EA /* AccessUser.h */,
				8BD502AA2397AEC5008603EA /* AccessUser.m */,
				8BD502AC2397B063008603EA /* SqlServerDepartment.h */,
				8BD502AD2397B063008603EA /* SqlServerDepartment.m */,
				8BD502AF2397B073008603EA /* AccessDepartment.h */,
				8BD502B02397B073008603EA /* AccessDepartment.m */,
				8BD502B223989EC8008603EA /* SqlServerFactory.h */,
				8BD502B323989EC8008603EA /* SqlServerFactory.m */,
				8BD502B52398A274008603EA /* AccessFactory.h */,
				8BD502B62398A274008603EA /* AccessFactory.m */,
			);
			path = "抽象工厂";
			sourceTree = "<group>";
		};
		8BD502B82398D9A4008603EA /* 中介者模式 */ = {
			isa = PBXGroup;
			children = (
				8BD502B92398D9DD008603EA /* VideoCard.h */,
				8BD502BA2398D9DD008603EA /* VideoCard.m */,
				8BD502BC2398DF0A008603EA /* CPU1.h */,
				8BD502BD2398DF0A008603EA /* CPU1.m */,
				8BD502BF2398DF15008603EA /* CDDriver.h */,
				8BD502C02398DF15008603EA /* CDDriver.m */,
				8BD502C22398DF29008603EA /* MainBoard.h */,
				8BD502C32398DF29008603EA /* MainBoard.m */,
			);
			path = "中介者模式";
			sourceTree = "<group>";
		};
		8BD502C5239B4A0F008603EA /* 生成器模式 */ = {
			isa = PBXGroup;
			children = (
				8BD502C6239B4A48008603EA /* BilerInterface.h */,
				8BD502C7239B53B7008603EA /* HtmlBuilder.h */,
				8BD502C8239B53B7008603EA /* HtmlBuilder.m */,
				8BD502CA239B565D008603EA /* XmlBuilder.h */,
				8BD502CB239B565D008603EA /* XmlBuilder.m */,
				8BD502CD239B7DB0008603EA /* BuilderDirector.h */,
				8BD502CE239B7DB0008603EA /* BuilderDirector.m */,
			);
			path = "生成器模式";
			sourceTree = "<group>";
		};
		8BD8F6A62386372C0054CFD9 = {
			isa = PBXGroup;
			children = (
				8BD8F6B12386372C0054CFD9 /* DesignPatternApp */,
				8BD8F6CD2386372D0054CFD9 /* DesignPatternAppTests */,
				8BD8F6D82386372D0054CFD9 /* DesignPatternAppUITests */,
				8BD8F6B02386372C0054CFD9 /* Products */,
			);
			sourceTree = "<group>";
		};
		8BD8F6B02386372C0054CFD9 /* Products */ = {
			isa = PBXGroup;
			children = (
				8BD8F6AF2386372C0054CFD9 /* DesignPatternApp.app */,
				8BD8F6CA2386372D0054CFD9 /* DesignPatternAppTests.xctest */,
				8BD8F6D52386372D0054CFD9 /* DesignPatternAppUITests.xctest */,
			);
			name = Products;
			sourceTree = "<group>";
		};
		8BD8F6B12386372C0054CFD9 /* DesignPatternApp */ = {
			isa = PBXGroup;
			children = (
				8BDFA5B2242B837900B761BA /* 责任链模式 */,
				8BDFA5A1242B767000B761BA /* 桥接模式 */,
				8BDFA58B242B051800B761BA /* 装饰模式 */,
				8BDFA580242A2FA300B761BA /* 策略模式 */,
				8BDFA570242A055100B761BA /* 组合模式 */,
				8BDFA54F2429B58F00B761BA /* 命令模式 */,
				8BD502C5239B4A0F008603EA /* 生成器模式 */,
				8BD502B82398D9A4008603EA /* 中介者模式 */,
				8BB048D2238FBFE6007C2C3F /* 工厂模式 */,
				8BD8F6E723863F370054CFD9 /* 原型模式 */,
				8BD8F6B22386372C0054CFD9 /* AppDelegate.h */,
				8BD8F6B32386372C0054CFD9 /* AppDelegate.m */,
				8BD8F6B52386372C0054CFD9 /* SceneDelegate.h */,
				8BD8F6B62386372C0054CFD9 /* SceneDelegate.m */,
				8BD8F6B82386372C0054CFD9 /* ViewController.h */,
				8BD8F6B92386372C0054CFD9 /* ViewController.m */,
				8BD8F6BB2386372C0054CFD9 /* Main.storyboard */,
				8BD8F6BE2386372D0054CFD9 /* Assets.xcassets */,
				8BD8F6C02386372D0054CFD9 /* LaunchScreen.storyboard */,
				8BD8F6C32386372D0054CFD9 /* Info.plist */,
				8BD8F6C42386372D0054CFD9 /* main.m */,
			);
			path = DesignPatternApp;
			sourceTree = "<group>";
		};
		8BD8F6CD2386372D0054CFD9 /* DesignPatternAppTests */ = {
			isa = PBXGroup;
			children = (
				8BD8F6CE2386372D0054CFD9 /* DesignPatternAppTests.m */,
				8BD8F6D02386372D0054CFD9 /* Info.plist */,
			);
			path = DesignPatternAppTests;
			sourceTree = "<group>";
		};
		8BD8F6D82386372D0054CFD9 /* DesignPatternAppUITests */ = {
			isa = PBXGroup;
			children = (
				8BD8F6D92386372D0054CFD9 /* DesignPatternAppUITests.m */,
				8BD8F6DB2386372D0054CFD9 /* Info.plist */,
			);
			path = DesignPatternAppUITests;
			sourceTree = "<group>";
		};
		8BD8F6E723863F370054CFD9 /* 原型模式 */ = {
			isa = PBXGroup;
			children = (
				8B725EBB238BCA7A00ADC260 /* Bird.h */,
				8B725EBC238BCF0D00ADC260 /* Mango.h */,
				8B725EBD238BCF0D00ADC260 /* Mango.m */,
				8B725EBF238BD24900ADC260 /* BirdPlant.h */,
				8B725EC0238BD24900ADC260 /* BirdPlant.m */,
			);
			path = "原型模式";
			sourceTree = "<group>";
		};
		8BDFA54F2429B58F00B761BA /* 命令模式 */ = {
			isa = PBXGroup;
			children = (
				8BDFA5502429B5C600B761BA /* Light.h */,
				8BDFA5512429B5C600B761BA /* Light.m */,
				8BDFA5532429B6BF00B761BA /* Video.h */,
				8BDFA5542429B6BF00B761BA /* Video.m */,
				8BDFA5562429DD8000B761BA /* SwitchCommondInterface.h */,
				8BDFA5572429E17A00B761BA /* LightOnCommand.h */,
				8BDFA5582429E17A00B761BA /* LightOnCommand.m */,
				8BDFA55A2429E5EF00B761BA /* LightOffCommand.h */,
				8BDFA55B2429E5EF00B761BA /* LightOffCommand.m */,
				8BDFA55D2429E75100B761BA /* VideoPlayCommand.h */,
				8BDFA55E2429E75100B761BA /* VideoPlayCommand.m */,
				8BDFA5602429EA4F00B761BA /* VideoCloseCommand.h */,
				8BDFA5612429EA4F00B761BA /* VideoCloseCommand.m */,
				8BDFA5632429EED300B761BA /* RemoteControl.h */,
				8BDFA5642429EED300B761BA /* RemoteControl.m */,
				8BDFA5662429EEED00B761BA /* EmptyCommand.h */,
				8BDFA5672429EEED00B761BA /* EmptyCommand.m */,
				8BDFA56A2429EF4F00B761BA /* RemoteConrol.h */,
				8BDFA56B2429EF4F00B761BA /* RemoteConrol.m */,
				8BDFA56D2429F5E000B761BA /* RemoteLoader.h */,
				8BDFA56E2429F5E000B761BA /* RemoteLoader.m */,
			);
			path = "命令模式";
			sourceTree = "<group>";
		};
		8BDFA570242A055100B761BA /* 组合模式 */ = {
			isa = PBXGroup;
			children = (
				8BDFA571242A070F00B761BA /* MenuComponent.h */,
				8BDFA572242A070F00B761BA /* MenuComponent.m */,
				8BDFA577242A094F00B761BA /* Menu.h */,
				8BDFA578242A094F00B761BA /* Menu.m */,
				8BDFA57A242A1C0C00B761BA /* MenuItem.h */,
				8BDFA57B242A1C0C00B761BA /* MenuItem.m */,
				8BDFA57D242A260500B761BA /* MenuHandler.h */,
				8BDFA57E242A260500B761BA /* MenuHandler.m */,
			);
			path = "组合模式";
			sourceTree = "<group>";
		};
		8BDFA580242A2FA300B761BA /* 策略模式 */ = {
			isa = PBXGroup;
			children = (
				8BDFA581242A2FDA00B761BA /* Strategy.h */,
				8BDFA582242A314200B761BA /* StragegyMinus.h */,
				8BDFA583242A314200B761BA /* StragegyMinus.m */,
				8BDFA585242A34AC00B761BA /* StrategyDiscount.h */,
				8BDFA586242A34AC00B761BA /* StrategyDiscount.m */,
				8BDFA588242A35D100B761BA /* PriceContext.h */,
				8BDFA589242A35D100B761BA /* PriceContext.m */,
			);
			path = "策略模式";
			sourceTree = "<group>";
		};
		8BDFA58B242B051800B761BA /* 装饰模式 */ = {
			isa = PBXGroup;
			children = (
				8BDFA58C242B055100B761BA /* Component.h */,
				8BDFA58D242B055100B761BA /* Component.m */,
				8BDFA592242B06BA00B761BA /* ConcreteComponent.h */,
				8BDFA593242B06BA00B761BA /* ConcreteComponent.m */,
				8BDFA595242B0A2500B761BA /* Decorator.h */,
				8BDFA596242B0A2500B761BA /* Decorator.m */,
				8BDFA598242B357800B761BA /* GroupDecorator.h */,
				8BDFA599242B357800B761BA /* GroupDecorator.m */,
				8BDFA59B242B36AF00B761BA /* MonthDecorator.h */,
				8BDFA59C242B36AF00B761BA /* MonthDecorator.m */,
				8BDFA59E242B3B6D00B761BA /* SumDecorator.h */,
				8BDFA59F242B3B6D00B761BA /* SumDecorator.m */,
			);
			path = "装饰模式";
			sourceTree = "<group>";
		};
		8BDFA5A1242B767000B761BA /* 桥接模式 */ = {
			isa = PBXGroup;
			children = (
				8BDFA5A2242B76FD00B761BA /* MessageToolInterface.h */,
				8BDFA5A3242B775300B761BA /* MessageSMS.h */,
				8BDFA5A4242B775300B761BA /* MessageSMS.m */,
				8BDFA5A6242B784700B761BA /* MessageDing.h */,
				8BDFA5A7242B784700B761BA /* MessageDing.m */,
				8BDFA5A9242B78D300B761BA /* AbstraceMessage.h */,
				8BDFA5AA242B78D300B761BA /* AbstraceMessage.m */,
				8BDFA5AC242B7BBE00B761BA /* SpecialMessage.h */,
				8BDFA5AD242B7BBE00B761BA /* SpecialMessage.m */,
				8BDFA5AF242B7C6100B761BA /* UrgentMessage.h */,
				8BDFA5B0242B7C6100B761BA /* UrgentMessage.m */,
			);
			path = "桥接模式";
			sourceTree = "<group>";
		};
		8BDFA5B2242B837900B761BA /* 责任链模式 */ = {
			isa = PBXGroup;
			children = (
				8BDFA5B3242B83AA00B761BA /* Handler.h */,
				8BDFA5B4242B83AA00B761BA /* Handler.m */,
				8BDFA5B6242B843400B761BA /* ProjectManagerHandler.h */,
				8BDFA5B7242B843400B761BA /* ProjectManagerHandler.m */,
				8BDFA5B9242B849B00B761BA /* DepManagerHandler.h */,
				8BDFA5BA242B849B00B761BA /* DepManagerHandler.m */,
				8BDFA5BC242B84F100B761BA /* GeneralManagerHandler.h */,
				8BDFA5BD242B84F100B761BA /* GeneralManagerHandler.m */,
			);
			path = "责任链模式";
			sourceTree = "<group>";
		};
/* End PBXGroup section */

/* Begin PBXNativeTarget section */
		8BD8F6AE2386372C0054CFD9 /* DesignPatternApp */ = {
			isa = PBXNativeTarget;
			buildConfigurationList = 8BD8F6DE2386372D0054CFD9 /* Build configuration list for PBXNativeTarget "DesignPatternApp" */;
			buildPhases = (
				8BD8F6AB2386372C0054CFD9 /* Sources */,
				8BD8F6AC2386372C0054CFD9 /* Frameworks */,
				8BD8F6AD2386372C0054CFD9 /* Resources */,
			);
			buildRules = (
			);
			dependencies = (
			);
			name = DesignPatternApp;
			productName = DesignPatternApp;
			productReference = 8BD8F6AF2386372C0054CFD9 /* DesignPatternApp.app */;
			productType = "com.apple.product-type.application";
		};
		8BD8F6C92386372D0054CFD9 /* DesignPatternAppTests */ = {
			isa = PBXNativeTarget;
			buildConfigurationList = 8BD8F6E12386372D0054CFD9 /* Build configuration list for PBXNativeTarget "DesignPatternAppTests" */;
			buildPhases = (
				8BD8F6C62386372D0054CFD9 /* Sources */,
				8BD8F6C72386372D0054CFD9 /* Frameworks */,
				8BD8F6C82386372D0054CFD9 /* Resources */,
			);
			buildRules = (
			);
			dependencies = (
				8BD8F6CC2386372D0054CFD9 /* PBXTargetDependency */,
			);
			name = DesignPatternAppTests;
			productName = DesignPatternAppTests;
			productReference = 8BD8F6CA2386372D0054CFD9 /* DesignPatternAppTests.xctest */;
			productType = "com.apple.product-type.bundle.unit-test";
		};
		8BD8F6D42386372D0054CFD9 /* DesignPatternAppUITests */ = {
			isa = PBXNativeTarget;
			buildConfigurationList = 8BD8F6E42386372D0054CFD9 /* Build configuration list for PBXNativeTarget "DesignPatternAppUITests" */;
			buildPhases = (
				8BD8F6D12386372D0054CFD9 /* Sources */,
				8BD8F6D22386372D0054CFD9 /* Frameworks */,
				8BD8F6D32386372D0054CFD9 /* Resources */,
			);
			buildRules = (
			);
			dependencies = (
				8BD8F6D72386372D0054CFD9 /* PBXTargetDependency */,
			);
			name = DesignPatternAppUITests;
			productName = DesignPatternAppUITests;
			productReference = 8BD8F6D52386372D0054CFD9 /* DesignPatternAppUITests.xctest */;
			productType = "com.apple.product-type.bundle.ui-testing";
		};
/* End PBXNativeTarget section */

/* Begin PBXProject section */
		8BD8F6A72386372C0054CFD9 /* Project object */ = {
			isa = PBXProject;
			attributes = {
				LastUpgradeCheck = 1120;
				ORGANIZATIONNAME = larou;
				TargetAttributes = {
					8BD8F6AE2386372C0054CFD9 = {
						CreatedOnToolsVersion = 11.2.1;
					};
					8BD8F6C92386372D0054CFD9 = {
						CreatedOnToolsVersion = 11.2.1;
						TestTargetID = 8BD8F6AE2386372C0054CFD9;
					};
					8BD8F6D42386372D0054CFD9 = {
						CreatedOnToolsVersion = 11.2.1;
						TestTargetID = 8BD8F6AE2386372C0054CFD9;
					};
				};
			};
			buildConfigurationList = 8BD8F6AA2386372C0054CFD9 /* Build configuration list for PBXProject "DesignPatternApp" */;
			compatibilityVersion = "Xcode 9.3";
			developmentRegion = en;
			hasScannedForEncodings = 0;
			knownRegions = (
				en,
				Base,
			);
			mainGroup = 8BD8F6A62386372C0054CFD9;
			productRefGroup = 8BD8F6B02386372C0054CFD9 /* Products */;
			projectDirPath = "";
			projectRoot = "";
			targets = (
				8BD8F6AE2386372C0054CFD9 /* DesignPatternApp */,
				8BD8F6C92386372D0054CFD9 /* DesignPatternAppTests */,
				8BD8F6D42386372D0054CFD9 /* DesignPatternAppUITests */,
			);
		};
/* End PBXProject section */

/* Begin PBXResourcesBuildPhase section */
		8BD8F6AD2386372C0054CFD9 /* Resources */ = {
			isa = PBXResourcesBuildPhase;
			buildActionMask = 2147483647;
			files = (
				8BD8F6C22386372D0054CFD9 /* LaunchScreen.storyboard in Resources */,
				8BD8F6BF2386372D0054CFD9 /* Assets.xcassets in Resources */,
				8BD8F6BD2386372C0054CFD9 /* Main.storyboard in Resources */,
			);
			runOnlyForDeploymentPostprocessing = 0;
		};
		8BD8F6C82386372D0054CFD9 /* Resources */ = {
			isa = PBXResourcesBuildPhase;
			buildActionMask = 2147483647;
			files = (
			);
			runOnlyForDeploymentPostprocessing = 0;
		};
		8BD8F6D32386372D0054CFD9 /* Resources */ = {
			isa = PBXResourcesBuildPhase;
			buildActionMask = 2147483647;
			files = (
			);
			runOnlyForDeploymentPostprocessing = 0;
		};
/* End PBXResourcesBuildPhase section */

/* Begin PBXSourcesBuildPhase section */
		8BD8F6AB2386372C0054CFD9 /* Sources */ = {
			isa = PBXSourcesBuildPhase;
			buildActionMask = 2147483647;
			files = (
				8BDFA5BE242B84F100B761BA /* GeneralManagerHandler.m in Sources */,
				8BB048E223911277007C2C3F /* CPU.m in Sources */,
				8BDFA57C242A1C0C00B761BA /* MenuItem.m in Sources */,
				8B725EC1238BD24900ADC260 /* BirdPlant.m in Sources */,
				8BDFA579242A094F00B761BA /* Menu.m in Sources */,
				8BD502A82397AC9F008603EA /* SqlServerUser.m in Sources */,
				8BDFA597242B0A2500B761BA /* Decorator.m in Sources */,
				8BD8F6BA2386372C0054CFD9 /* ViewController.m in Sources */,
				8BD502BB2398D9DD008603EA /* VideoCard.m in Sources */,
				8BDFA55F2429E75100B761BA /* VideoPlayCommand.m in Sources */,
				8BDFA5AE242B7BBE00B761BA /* SpecialMessage.m in Sources */,
				8BDFA594242B06BA00B761BA /* ConcreteComponent.m in Sources */,
				8BD502CC239B565D008603EA /* XmlBuilder.m in Sources */,
				8BDFA5622429EA4F00B761BA /* VideoCloseCommand.m in Sources */,
				8BD502AB2397AEC5008603EA /* AccessUser.m in Sources */,
				8BDFA5B8242B843400B761BA /* ProjectManagerHandler.m in Sources */,
				8BB048EB239112F1007C2C3F /* AMDCpu.m in Sources */,
				8BD8F6B42386372C0054CFD9 /* AppDelegate.m in Sources */,
				8BB048DF23911202007C2C3F /* Client.m in Sources */,
				8BD5029723975BF5008603EA /* IntelCpu1179.m in Sources */,
				8BDFA5592429E17A00B761BA /* LightOnCommand.m in Sources */,
				8BDFA5682429EEED00B761BA /* EmptyCommand.m in Sources */,
				8BDFA58A242A35D100B761BA /* PriceContext.m in Sources */,
				8BDFA58E242B055100B761BA /* Component.m in Sources */,
				8BB048E523911285007C2C3F /* InterCpu.m in Sources */,
				8BDFA5652429EED300B761BA /* RemoteControl.m in Sources */,
				8BDFA5A0242B3B6D00B761BA /* SumDecorator.m in Sources */,
				8BDFA59D242B36AF00B761BA /* MonthDecorator.m in Sources */,
				8BDFA5B1242B7C6100B761BA /* UrgentMessage.m in Sources */,
				8BD502C42398DF29008603EA /* MainBoard.m in Sources */,
				8BDFA56C2429EF4F00B761BA /* RemoteConrol.m in Sources */,
				8BD502A223979F63008603EA /* IUser.m in Sources */,
				8BDFA584242A314200B761BA /* StragegyMinus.m in Sources */,
				8BD502BE2398DF0A008603EA /* CPU1.m in Sources */,
				8BD502CF239B7DB0008603EA /* BuilderDirector.m in Sources */,
				8BDFA5A8242B784700B761BA /* MessageDing.m in Sources */,
				8BD5029123975023008603EA /* Factory.m in Sources */,
				8BD8F6C52386372D0054CFD9 /* main.m in Sources */,
				8BDFA573242A070F00B761BA /* MenuComponent.m in Sources */,
				8BDFA57F242A260500B761BA /* MenuHandler.m in Sources */,
				8BB048EE23911DAB007C2C3F /* SimpleFactory.m in Sources */,
				8BD502AE2397B063008603EA /* SqlServerDepartment.m in Sources */,
				8BD5029A23975C21008603EA /* intelCpu753.m in Sources */,
				8BD502B423989EC8008603EA /* SqlServerFactory.m in Sources */,
				8BD502A52397AC1F008603EA /* IDepartment.m in Sources */,
				8BB048E8239112D6007C2C3F /* AppleCpu.m in Sources */,
				8BDFA5AB242B78D300B761BA /* AbstraceMessage.m in Sources */,
				8BD8F6B72386372C0054CFD9 /* SceneDelegate.m in Sources */,
				8BD502B72398A274008603EA /* AccessFactory.m in Sources */,
				8BDFA5522429B5C600B761BA /* Light.m in Sources */,
				8BD502C12398DF15008603EA /* CDDriver.m in Sources */,
				8BDFA59A242B357800B761BA /* GroupDecorator.m in Sources */,
				8BDFA587242A34AC00B761BA /* StrategyDiscount.m in Sources */,
				8BDFA5A5242B775300B761BA /* MessageSMS.m in Sources */,
				8B725EBE238BCF0D00ADC260 /* Mango.m in Sources */,
				8BDFA5BB242B849B00B761BA /* DepManagerHandler.m in Sources */,
				8BDFA56F2429F5E000B761BA /* RemoteLoader.m in Sources */,
				8BDFA5B5242B83AA00B761BA /* Handler.m in Sources */,
				8BDFA55C2429E5EF00B761BA /* LightOffCommand.m in Sources */,
				8BD502C9239B53B7008603EA /* HtmlBuilder.m in Sources */,
				8BDFA5552429B6BF00B761BA /* Video.m in Sources */,
				8BD5029423975ADF008603EA /* IntelFactory.m in Sources */,
				8BD502B12397B073008603EA /* AccessDepartment.m in Sources */,
			);
			runOnlyForDeploymentPostprocessing = 0;
		};
		8BD8F6C62386372D0054CFD9 /* Sources */ = {
			isa = PBXSourcesBuildPhase;
			buildActionMask = 2147483647;
			files = (
				8BD8F6CF2386372D0054CFD9 /* DesignPatternAppTests.m in Sources */,
			);
			runOnlyForDeploymentPostprocessing = 0;
		};
		8BD8F6D12386372D0054CFD9 /* Sources */ = {
			isa = PBXSourcesBuildPhase;
			buildActionMask = 2147483647;
			files = (
				8BD8F6DA2386372D0054CFD9 /* DesignPatternAppUITests.m in Sources */,
			);
			runOnlyForDeploymentPostprocessing = 0;
		};
/* End PBXSourcesBuildPhase section */

/* Begin PBXTargetDependency section */
		8BD8F6CC2386372D0054CFD9 /* PBXTargetDependency */ = {
			isa = PBXTargetDependency;
			target = 8BD8F6AE2386372C0054CFD9 /* DesignPatternApp */;
			targetProxy = 8BD8F6CB2386372D0054CFD9 /* PBXContainerItemProxy */;
		};
		8BD8F6D72386372D0054CFD9 /* PBXTargetDependency */ = {
			isa = PBXTargetDependency;
			target = 8BD8F6AE2386372C0054CFD9 /* DesignPatternApp */;
			targetProxy = 8BD8F6D62386372D0054CFD9 /* PBXContainerItemProxy */;
		};
/* End PBXTargetDependency section */

/* Begin PBXVariantGroup section */
		8BD8F6BB2386372C0054CFD9 /* Main.storyboard */ = {
			isa = PBXVariantGroup;
			children = (
				8BD8F6BC2386372C0054CFD9 /* Base */,
			);
			name = Main.storyboard;
			sourceTree = "<group>";
		};
		8BD8F6C02386372D0054CFD9 /* LaunchScreen.storyboard */ = {
			isa = PBXVariantGroup;
			children = (
				8BD8F6C12386372D0054CFD9 /* Base */,
			);
			name = LaunchScreen.storyboard;
			sourceTree = "<group>";
		};
/* End PBXVariantGroup section */

/* Begin XCBuildConfiguration section */
		8BD8F6DC2386372D0054CFD9 /* Debug */ = {
			isa = XCBuildConfiguration;
			buildSettings = {
				ALWAYS_SEARCH_USER_PATHS = NO;
				CLANG_ANALYZER_NONNULL = YES;
				CLANG_ANALYZER_NUMBER_OBJECT_CONVERSION = YES_AGGRESSIVE;
				CLANG_CXX_LANGUAGE_STANDARD = "gnu++14";
				CLANG_CXX_LIBRARY = "libc++";
				CLANG_ENABLE_MODULES = YES;
				CLANG_ENABLE_OBJC_ARC = YES;
				CLANG_ENABLE_OBJC_WEAK = YES;
				CLANG_WARN_BLOCK_CAPTURE_AUTORELEASING = YES;
				CLANG_WARN_BOOL_CONVERSION = YES;
				CLANG_WARN_COMMA = YES;
				CLANG_WARN_CONSTANT_CONVERSION = YES;
				CLANG_WARN_DEPRECATED_OBJC_IMPLEMENTATIONS = YES;
				CLANG_WARN_DIRECT_OBJC_ISA_USAGE = YES_ERROR;
				CLANG_WARN_DOCUMENTATION_COMMENTS = YES;
				CLANG_WARN_EMPTY_BODY = YES;
				CLANG_WARN_ENUM_CONVERSION = YES;
				CLANG_WARN_INFINITE_RECURSION = YES;
				CLANG_WARN_INT_CONVERSION = YES;
				CLANG_WARN_NON_LITERAL_NULL_CONVERSION = YES;
				CLANG_WARN_OBJC_IMPLICIT_RETAIN_SELF = YES;
				CLANG_WARN_OBJC_LITERAL_CONVERSION = YES;
				CLANG_WARN_OBJC_ROOT_CLASS = YES_ERROR;
				CLANG_WARN_RANGE_LOOP_ANALYSIS = YES;
				CLANG_WARN_STRICT_PROTOTYPES = YES;
				CLANG_WARN_SUSPICIOUS_MOVE = YES;
				CLANG_WARN_UNGUARDED_AVAILABILITY = YES_AGGRESSIVE;
				CLANG_WARN_UNREACHABLE_CODE = YES;
				CLANG_WARN__DUPLICATE_METHOD_MATCH = YES;
				COPY_PHASE_STRIP = NO;
				DEBUG_INFORMATION_FORMAT = dwarf;
				ENABLE_STRICT_OBJC_MSGSEND = YES;
				ENABLE_TESTABILITY = YES;
				GCC_C_LANGUAGE_STANDARD = gnu11;
				GCC_DYNAMIC_NO_PIC = NO;
				GCC_NO_COMMON_BLOCKS = YES;
				GCC_OPTIMIZATION_LEVEL = 0;
				GCC_PREPROCESSOR_DEFINITIONS = (
					"DEBUG=1",
					"$(inherited)",
				);
				GCC_WARN_64_TO_32_BIT_CONVERSION = YES;
				GCC_WARN_ABOUT_RETURN_TYPE = YES_ERROR;
				GCC_WARN_UNDECLARED_SELECTOR = YES;
				GCC_WARN_UNINITIALIZED_AUTOS = YES_AGGRESSIVE;
				GCC_WARN_UNUSED_FUNCTION = YES;
				GCC_WARN_UNUSED_VARIABLE = YES;
				IPHONEOS_DEPLOYMENT_TARGET = 13.2;
				MTL_ENABLE_DEBUG_INFO = INCLUDE_SOURCE;
				MTL_FAST_MATH = YES;
				ONLY_ACTIVE_ARCH = YES;
				SDKROOT = iphoneos;
			};
			name = Debug;
		};
		8BD8F6DD2386372D0054CFD9 /* Release */ = {
			isa = XCBuildConfiguration;
			buildSettings = {
				ALWAYS_SEARCH_USER_PATHS = NO;
				CLANG_ANALYZER_NONNULL = YES;
				CLANG_ANALYZER_NUMBER_OBJECT_CONVERSION = YES_AGGRESSIVE;
				CLANG_CXX_LANGUAGE_STANDARD = "gnu++14";
				CLANG_CXX_LIBRARY = "libc++";
				CLANG_ENABLE_MODULES = YES;
				CLANG_ENABLE_OBJC_ARC = YES;
				CLANG_ENABLE_OBJC_WEAK = YES;
				CLANG_WARN_BLOCK_CAPTURE_AUTORELEASING = YES;
				CLANG_WARN_BOOL_CONVERSION = YES;
				CLANG_WARN_COMMA = YES;
				CLANG_WARN_CONSTANT_CONVERSION = YES;
				CLANG_WARN_DEPRECATED_OBJC_IMPLEMENTATIONS = YES;
				CLANG_WARN_DIRECT_OBJC_ISA_USAGE = YES_ERROR;
				CLANG_WARN_DOCUMENTATION_COMMENTS = YES;
				CLANG_WARN_EMPTY_BODY = YES;
				CLANG_WARN_ENUM_CONVERSION = YES;
				CLANG_WARN_INFINITE_RECURSION = YES;
				CLANG_WARN_INT_CONVERSION = YES;
				CLANG_WARN_NON_LITERAL_NULL_CONVERSION = YES;
				CLANG_WARN_OBJC_IMPLICIT_RETAIN_SELF = YES;
				CLANG_WARN_OBJC_LITERAL_CONVERSION = YES;
				CLANG_WARN_OBJC_ROOT_CLASS = YES_ERROR;
				CLANG_WARN_RANGE_LOOP_ANALYSIS = YES;
				CLANG_WARN_STRICT_PROTOTYPES = YES;
				CLANG_WARN_SUSPICIOUS_MOVE = YES;
				CLANG_WARN_UNGUARDED_AVAILABILITY = YES_AGGRESSIVE;
				CLANG_WARN_UNREACHABLE_CODE = YES;
				CLANG_WARN__DUPLICATE_METHOD_MATCH = YES;
				COPY_PHASE_STRIP = NO;
				DEBUG_INFORMATION_FORMAT = "dwarf-with-dsym";
				ENABLE_NS_ASSERTIONS = NO;
				ENABLE_STRICT_OBJC_MSGSEND = YES;
				GCC_C_LANGUAGE_STANDARD = gnu11;
				GCC_NO_COMMON_BLOCKS = YES;
				GCC_WARN_64_TO_32_BIT_CONVERSION = YES;
				GCC_WARN_ABOUT_RETURN_TYPE = YES_ERROR;
				GCC_WARN_UNDECLARED_SELECTOR = YES;
				GCC_WARN_UNINITIALIZED_AUTOS = YES_AGGRESSIVE;
				GCC_WARN_UNUSED_FUNCTION = YES;
				GCC_WARN_UNUSED_VARIABLE = YES;
				IPHONEOS_DEPLOYMENT_TARGET = 13.2;
				MTL_ENABLE_DEBUG_INFO = NO;
				MTL_FAST_MATH = YES;
				SDKROOT = iphoneos;
				VALIDATE_PRODUCT = YES;
			};
			name = Release;
		};
		8BD8F6DF2386372D0054CFD9 /* Debug */ = {
			isa = XCBuildConfiguration;
			buildSettings = {
				ASSETCATALOG_COMPILER_APPICON_NAME = AppIcon;
				CODE_SIGN_STYLE = Automatic;
				DEVELOPMENT_TEAM = EHNR9S5ZW8;
				INFOPLIST_FILE = DesignPatternApp/Info.plist;
				LD_RUNPATH_SEARCH_PATHS = (
					"$(inherited)",
					"@executable_path/Frameworks",
				);
				PRODUCT_BUNDLE_IDENTIFIER = dashuaigua.com.DesignPatternApp;
				PRODUCT_NAME = "$(TARGET_NAME)";
				TARGETED_DEVICE_FAMILY = "1,2";
			};
			name = Debug;
		};
		8BD8F6E02386372D0054CFD9 /* Release */ = {
			isa = XCBuildConfiguration;
			buildSettings = {
				ASSETCATALOG_COMPILER_APPICON_NAME = AppIcon;
				CODE_SIGN_STYLE = Automatic;
				DEVELOPMENT_TEAM = EHNR9S5ZW8;
				INFOPLIST_FILE = DesignPatternApp/Info.plist;
				LD_RUNPATH_SEARCH_PATHS = (
					"$(inherited)",
					"@executable_path/Frameworks",
				);
				PRODUCT_BUNDLE_IDENTIFIER = dashuaigua.com.DesignPatternApp;
				PRODUCT_NAME = "$(TARGET_NAME)";
				TARGETED_DEVICE_FAMILY = "1,2";
			};
			name = Release;
		};
		8BD8F6E22386372D0054CFD9 /* Debug */ = {
			isa = XCBuildConfiguration;
			buildSettings = {
				BUNDLE_LOADER = "$(TEST_HOST)";
				CODE_SIGN_STYLE = Automatic;
				DEVELOPMENT_TEAM = EHNR9S5ZW8;
				INFOPLIST_FILE = DesignPatternAppTests/Info.plist;
				IPHONEOS_DEPLOYMENT_TARGET = 13.2;
				LD_RUNPATH_SEARCH_PATHS = (
					"$(inherited)",
					"@executable_path/Frameworks",
					"@loader_path/Frameworks",
				);
				PRODUCT_BUNDLE_IDENTIFIER = dashuaigua.com.DesignPatternAppTests;
				PRODUCT_NAME = "$(TARGET_NAME)";
				TARGETED_DEVICE_FAMILY = "1,2";
				TEST_HOST = "$(BUILT_PRODUCTS_DIR)/DesignPatternApp.app/DesignPatternApp";
			};
			name = Debug;
		};
		8BD8F6E32386372D0054CFD9 /* Release */ = {
			isa = XCBuildConfiguration;
			buildSettings = {
				BUNDLE_LOADER = "$(TEST_HOST)";
				CODE_SIGN_STYLE = Automatic;
				DEVELOPMENT_TEAM = EHNR9S5ZW8;
				INFOPLIST_FILE = DesignPatternAppTests/Info.plist;
				IPHONEOS_DEPLOYMENT_TARGET = 13.2;
				LD_RUNPATH_SEARCH_PATHS = (
					"$(inherited)",
					"@executable_path/Frameworks",
					"@loader_path/Frameworks",
				);
				PRODUCT_BUNDLE_IDENTIFIER = dashuaigua.com.DesignPatternAppTests;
				PRODUCT_NAME = "$(TARGET_NAME)";
				TARGETED_DEVICE_FAMILY = "1,2";
				TEST_HOST = "$(BUILT_PRODUCTS_DIR)/DesignPatternApp.app/DesignPatternApp";
			};
			name = Release;
		};
		8BD8F6E52386372D0054CFD9 /* Debug */ = {
			isa = XCBuildConfiguration;
			buildSettings = {
				CODE_SIGN_STYLE = Automatic;
				DEVELOPMENT_TEAM = EHNR9S5ZW8;
				INFOPLIST_FILE = DesignPatternAppUITests/Info.plist;
				LD_RUNPATH_SEARCH_PATHS = (
					"$(inherited)",
					"@executable_path/Frameworks",
					"@loader_path/Frameworks",
				);
				PRODUCT_BUNDLE_IDENTIFIER = dashuaigua.com.DesignPatternAppUITests;
				PRODUCT_NAME = "$(TARGET_NAME)";
				TARGETED_DEVICE_FAMILY = "1,2";
				TEST_TARGET_NAME = DesignPatternApp;
			};
			name = Debug;
		};
		8BD8F6E62386372D0054CFD9 /* Release */ = {
			isa = XCBuildConfiguration;
			buildSettings = {
				CODE_SIGN_STYLE = Automatic;
				DEVELOPMENT_TEAM = EHNR9S5ZW8;
				INFOPLIST_FILE = DesignPatternAppUITests/Info.plist;
				LD_RUNPATH_SEARCH_PATHS = (
					"$(inherited)",
					"@executable_path/Frameworks",
					"@loader_path/Frameworks",
				);
				PRODUCT_BUNDLE_IDENTIFIER = dashuaigua.com.DesignPatternAppUITests;
				PRODUCT_NAME = "$(TARGET_NAME)";
				TARGETED_DEVICE_FAMILY = "1,2";
				TEST_TARGET_NAME = DesignPatternApp;
			};
			name = Release;
		};
/* End XCBuildConfiguration section */

/* Begin XCConfigurationList section */
		8BD8F6AA2386372C0054CFD9 /* Build configuration list for PBXProject "DesignPatternApp" */ = {
			isa = XCConfigurationList;
			buildConfigurations = (
				8BD8F6DC2386372D0054CFD9 /* Debug */,
				8BD8F6DD2386372D0054CFD9 /* Release */,
			);
			defaultConfigurationIsVisible = 0;
			defaultConfigurationName = Release;
		};
		8BD8F6DE2386372D0054CFD9 /* Build configuration list for PBXNativeTarget "DesignPatternApp" */ = {
			isa = XCConfigurationList;
			buildConfigurations = (
				8BD8F6DF2386372D0054CFD9 /* Debug */,
				8BD8F6E02386372D0054CFD9 /* Release */,
			);
			defaultConfigurationIsVisible = 0;
			defaultConfigurationName = Release;
		};
		8BD8F6E12386372D0054CFD9 /* Build configuration list for PBXNativeTarget "DesignPatternAppTests" */ = {
			isa = XCConfigurationList;
			buildConfigurations = (
				8BD8F6E22386372D0054CFD9 /* Debug */,
				8BD8F6E32386372D0054CFD9 /* Release */,
			);
			defaultConfigurationIsVisible = 0;
			defaultConfigurationName = Release;
		};
		8BD8F6E42386372D0054CFD9 /* Build configuration list for PBXNativeTarget "DesignPatternAppUITests" */ = {
			isa = XCConfigurationList;
			buildConfigurations = (
				8BD8F6E52386372D0054CFD9 /* Debug */,
				8BD8F6E62386372D0054CFD9 /* Release */,
			);
			defaultConfigurationIsVisible = 0;
			defaultConfigurationName = Release;
		};
/* End XCConfigurationList section */
	};
	rootObject = 8BD8F6A72386372C0054CFD9 /* Project object */;
}
